lockfileVersion: 5.4

specifiers:
  '@discordjs/builders': ^0.14.0
  '@discordjs/rest': ^0.5.0
  '@types/dotenv-safe': ^8.1.2
  '@types/node': ^16.11.38
  data-uri-to-buffer: ^4.0.0
  discord-api-types: ^0.33.3
  discord.js: ^13.8.0
  dotenv-safe: ^8.2.0
  minecraft-server-util: ^5.2.9
  typescript: ^4.7.3

dependencies:
  '@discordjs/builders': 0.14.0
  '@discordjs/rest': 0.5.0
  data-uri-to-buffer: 4.0.0
  discord-api-types: 0.33.3
  discord.js: 13.8.0
  dotenv-safe: 8.2.0
  minecraft-server-util: 5.2.9

devDependencies:
  '@types/dotenv-safe': 8.1.2
  '@types/node': 16.11.38
  typescript: 4.7.3

packages:

  /@discordjs/builders/0.14.0:
    resolution: {integrity: sha512-+fqLIqa9wN3R+kvlld8sgG0nt04BAZxdCDP4t2qZ9TJsquLWA+xMtT8Waibb3d4li4AQS+IOfjiHAznv/dhHgQ==}
    engines: {node: '>=16.9.0'}
    dependencies:
      '@sapphire/shapeshift': 3.1.0
      '@sindresorhus/is': 4.6.0
      discord-api-types: 0.33.3
      fast-deep-equal: 3.1.3
      ts-mixer: 6.0.1
      tslib: 2.4.0
    dev: false

  /@discordjs/collection/0.7.0:
    resolution: {integrity: sha512-R5i8Wb8kIcBAFEPLLf7LVBQKBDYUL+ekb23sOgpkpyGT+V4P7V83wTxcsqmX+PbqHt4cEHn053uMWfRqh/Z/nA==}
    engines: {node: '>=16.9.0'}
    dev: false

  /@discordjs/rest/0.5.0:
    resolution: {integrity: sha512-S4E1YNz1UxgUfMPpMeqzPPkCfXE877zOsvKM5WEmwIhcpz1PQV7lzqlEOuz194UuwOJLLjQFBgQELnQfCX9UfA==}
    engines: {node: '>=16.9.0'}
    dependencies:
      '@discordjs/collection': 0.7.0
      '@sapphire/async-queue': 1.3.1
      '@sapphire/snowflake': 3.2.2
      discord-api-types: 0.33.3
      tslib: 2.4.0
      undici: 5.4.0
    dev: false

  /@sapphire/async-queue/1.3.1:
    resolution: {integrity: sha512-FFTlPOWZX1kDj9xCAsRzH5xEJfawg1lNoYAA+ecOWJMHOfiZYb1uXOI3ne9U4UILSEPwfE68p3T9wUHwIQfR0g==}
    engines: {node: '>=v14.0.0', npm: '>=7.0.0'}
    dev: false

  /@sapphire/shapeshift/3.1.0:
    resolution: {integrity: sha512-PkxFXd3QJ1qAPS05Dy2UkVGYPm/asF1Ugt2Xyzmv4DHzO3+G7l+873C4XFFcJ9M5Je+eCMC7SSifgPTSur5QuA==}
    engines: {node: '>=v15.0.0', npm: '>=7.0.0'}
    dev: false

  /@sapphire/snowflake/3.2.2:
    resolution: {integrity: sha512-ula2O0kpSZtX9rKXNeQMrHwNd7E4jPDJYUXmEGTFdMRfyfMw+FPyh04oKMjAiDuOi64bYgVkOV3MjK+loImFhQ==}
    engines: {node: '>=v14.0.0', npm: '>=7.0.0'}
    dev: false

  /@sindresorhus/is/4.6.0:
    resolution: {integrity: sha512-t09vSN3MdfsyCHoFcTRCH/iUtG7OJ0CsjzB8cjAmKc/va/kIgeDI/TxsigdncE/4be734m0cvIYwNaV4i2XqAw==}
    engines: {node: '>=10'}
    dev: false

  /@types/dotenv-safe/8.1.2:
    resolution: {integrity: sha512-R/B/wIMda6lRE2P1H0vwSoJsV78IOkhccE4vIvmKZQNXOIjiU0QyJsUXwSotBxOPZFZ/oOnjCa3+kK5kVJwGyw==}
    dependencies:
      dotenv: 8.6.0
    dev: true

  /@types/node-fetch/2.6.1:
    resolution: {integrity: sha512-oMqjURCaxoSIsHSr1E47QHzbmzNR5rK8McHuNb11BOM9cHcIK3Avy0s/b2JlXHoQGTYS3NsvWzV1M0iK7l0wbA==}
    dependencies:
      '@types/node': 16.11.38
      form-data: 3.0.1
    dev: false

  /@types/node/16.11.38:
    resolution: {integrity: sha512-hjO/0K140An3GWDw2HJfq7gko3wWeznbjXgg+rzPdVzhe198hp4x2i1dgveAOEiFKd8sOilAxzoSJiVv5P/CUg==}

  /@types/ws/8.5.3:
    resolution: {integrity: sha512-6YOoWjruKj1uLf3INHH7D3qTXwFfEsg1kf3c0uDdSBJwfa/llkwIjrAGV7j7mVgGNbzTQ3HiHKKDXl6bJPD97w==}
    dependencies:
      '@types/node': 16.11.38
    dev: false

  /asynckit/0.4.0:
    resolution: {integrity: sha512-Oei9OH4tRh0YqU3GxhX79dM/mwVgvbZJaSNaRk+bshkj0S5cfHcgYakreBjrHwatXKbz+IoIdYLxrKim2MjW0Q==}
    dev: false

  /combined-stream/1.0.8:
    resolution: {integrity: sha512-FQN4MRfuJeHf7cBbBMJFXhKSDq+2kAArBlmRBvcvFE5BB1HZKXtSFASDhdlz9zOYwxh8lDdnvmMOe/+5cdoEdg==}
    engines: {node: '>= 0.8'}
    dependencies:
      delayed-stream: 1.0.0
    dev: false

  /data-uri-to-buffer/4.0.0:
    resolution: {integrity: sha512-Vr3mLBA8qWmcuschSLAOogKgQ/Jwxulv3RNE4FXnYWRGujzrRWQI4m12fQqRkwX06C0KanhLr4hK+GydchZsaA==}
    engines: {node: '>= 12'}
    dev: false

  /delayed-stream/1.0.0:
    resolution: {integrity: sha512-ZySD7Nf91aLB0RxL4KGrKHBXl7Eds1DAmEdcoVawXnLD7SDhpNgtuII2aAkg7a7QS41jxPSZ17p4VdGnMHk3MQ==}
    engines: {node: '>=0.4.0'}
    dev: false

  /discord-api-types/0.33.3:
    resolution: {integrity: sha512-P3A1RJXKEDmGPHrFTN5+gYLsBPGUVGj+D3+fa3m0K/umc+LMfqGuEad+p7cNq7ry/icReVhS3bz9jvBvne/BRA==}
    dev: false

  /discord.js/13.8.0:
    resolution: {integrity: sha512-EPAA/2VLycYN5wSzavqa4iJ6qj3UtQFtHw5TH/60Fj29ymfEsCQVn//o1mTpwDxzwb+rPIrWhkxKIGGnjfv0Iw==}
    engines: {node: '>=16.6.0', npm: '>=7.0.0'}
    dependencies:
      '@discordjs/builders': 0.14.0
      '@discordjs/collection': 0.7.0
      '@sapphire/async-queue': 1.3.1
      '@types/node-fetch': 2.6.1
      '@types/ws': 8.5.3
      discord-api-types: 0.33.3
      form-data: 4.0.0
      node-fetch: 2.6.7
      ws: 8.7.0
    transitivePeerDependencies:
      - bufferutil
      - encoding
      - utf-8-validate
    dev: false

  /dotenv-safe/8.2.0:
    resolution: {integrity: sha512-uWwWWdUQkSs5a3mySDB22UtNwyEYi0JtEQu+vDzIqr9OjbDdC2Ip13PnSpi/fctqlYmzkxCeabiyCAOROuAIaA==}
    dependencies:
      dotenv: 8.6.0
    dev: false

  /dotenv/8.6.0:
    resolution: {integrity: sha512-IrPdXQsk2BbzvCBGBOTmmSH5SodmqZNt4ERAZDmW4CT+tL8VtvinqywuANaFu4bOMWki16nqf0e4oC0QIaDr/g==}
    engines: {node: '>=10'}

  /fast-deep-equal/3.1.3:
    resolution: {integrity: sha512-f3qQ9oQy9j2AhBe/H9VC91wLmKBCCU/gDOnKNAYG5hswO7BLKj09Hc5HYNz9cGI++xlpDCIgDaitVs03ATR84Q==}
    dev: false

  /form-data/3.0.1:
    resolution: {integrity: sha512-RHkBKtLWUVwd7SqRIvCZMEvAMoGUp0XU+seQiZejj0COz3RI3hWP4sCv3gZWWLjJTd7rGwcsF5eKZGii0r/hbg==}
    engines: {node: '>= 6'}
    dependencies:
      asynckit: 0.4.0
      combined-stream: 1.0.8
      mime-types: 2.1.35
    dev: false

  /form-data/4.0.0:
    resolution: {integrity: sha512-ETEklSGi5t0QMZuiXoA/Q6vcnxcLQP5vdugSpuAyi6SVGi2clPPp+xgEhuMaHC+zGgn31Kd235W35f7Hykkaww==}
    engines: {node: '>= 6'}
    dependencies:
      asynckit: 0.4.0
      combined-stream: 1.0.8
      mime-types: 2.1.35
    dev: false

  /mime-db/1.52.0:
    resolution: {integrity: sha512-sPU4uV7dYlvtWJxwwxHD0PuihVNiE7TyAbQ5SWxDCB9mUYvOgroQOwYQQOKPJ8CIbE+1ETVlOoK1UC2nU3gYvg==}
    engines: {node: '>= 0.6'}
    dev: false

  /mime-types/2.1.35:
    resolution: {integrity: sha512-ZDY+bPm5zTTF+YpCrAU9nK0UgICYPT0QtT1NZWFv4s++TNkcgVaT0g6+4R2uI4MjQjzysHB1zxuWL50hzaeXiw==}
    engines: {node: '>= 0.6'}
    dependencies:
      mime-db: 1.52.0
    dev: false

  /minecraft-motd-util/1.1.12:
    resolution: {integrity: sha512-5TuTRjrRupSTruea0nRC37r0FdhkS1O4wIJKAYfwJRCQd/X4Zyl/dVIs96h9UVW6N8jhIuz9pNkrDsqyN7VBdA==}
    dev: false

  /minecraft-server-util/5.2.9:
    resolution: {integrity: sha512-MLaST5JnTlutO8++8FRa4RBck2EM4QMfkdkJ8b4LsjSTHtZQihD/zma2Bks9weEJnH3Q0xWmb5wLScv/UNDQyg==}
    engines: {node: '>=10.0.0'}
    dependencies:
      minecraft-motd-util: 1.1.12
    dev: false

  /node-fetch/2.6.7:
    resolution: {integrity: sha512-ZjMPFEfVx5j+y2yF35Kzx5sF7kDzxuDj6ziH4FFbOp87zKDZNx8yExJIb05OGF4Nlt9IHFIMBkRl41VdvcNdbQ==}
    engines: {node: 4.x || >=6.0.0}
    peerDependencies:
      encoding: ^0.1.0
    peerDependenciesMeta:
      encoding:
        optional: true
    dependencies:
      whatwg-url: 5.0.0
    dev: false

  /tr46/0.0.3:
    resolution: {integrity: sha1-gYT9NH2snNwYWZLzpmIuFLnZq2o=}
    dev: false

  /ts-mixer/6.0.1:
    resolution: {integrity: sha512-hvE+ZYXuINrx6Ei6D6hz+PTim0Uf++dYbK9FFifLNwQj+RwKquhQpn868yZsCtJYiclZF1u8l6WZxxKi+vv7Rg==}
    dev: false

  /tslib/2.4.0:
    resolution: {integrity: sha512-d6xOpEDfsi2CZVlPQzGeux8XMwLT9hssAsaPYExaQMuYskwb+x1x7J371tWlbBdWHroy99KnVB6qIkUbs5X3UQ==}
    dev: false

  /typescript/4.7.3:
    resolution: {integrity: sha512-WOkT3XYvrpXx4vMMqlD+8R8R37fZkjyLGlxavMc4iB8lrl8L0DeTcHbYgw/v0N/z9wAFsgBhcsF0ruoySS22mA==}
    engines: {node: '>=4.2.0'}
    hasBin: true
    dev: true

  /undici/5.4.0:
    resolution: {integrity: sha512-A1SRXysDg7J+mVP46jF+9cKANw0kptqSFZ8tGyL+HBiv0K1spjxPX8Z4EGu+Eu6pjClJUBdnUPlxrOafR668/g==}
    engines: {node: '>=12.18'}
    dev: false

  /webidl-conversions/3.0.1:
    resolution: {integrity: sha1-JFNCdeKnvGvnvIZhHMFq4KVlSHE=}
    dev: false

  /whatwg-url/5.0.0:
    resolution: {integrity: sha1-lmRU6HZUYuN2RNNib2dCzotwll0=}
    dependencies:
      tr46: 0.0.3
      webidl-conversions: 3.0.1
    dev: false

  /ws/8.7.0:
    resolution: {integrity: sha512-c2gsP0PRwcLFzUiA8Mkr37/MI7ilIlHQxaEAtd0uNMbVMoy8puJyafRlm0bV9MbGSabUPeLrRRaqIBcFcA2Pqg==}
    engines: {node: '>=10.0.0'}
    peerDependencies:
      bufferutil: ^4.0.1
      utf-8-validate: ^5.0.2
    peerDependenciesMeta:
      bufferutil:
        optional: true
      utf-8-validate:
        optional: true
    dev: false
